
Microsoft Visual Studio Solution File, Format Version 12.00
# Visual Studio Version 17
VisualStudioVersion = 17.3.32819.101
MinimumVisualStudioVersion = 10.0.40219.1
Project("{FAE04EC0-301F-11D3-BF4B-00C04F79EFBC}") = "SRPerfectTracker", "SRPerfectTracker\SRPerfectTracker.csproj", "{3D012812-1807-4331-944A-7E389EE7CBD6}"
EndProject
Global
	GlobalSection(SolutionConfigurationPlatforms) = preSolution
		Debug|Any CPU = Debug|Any CPU
		Release|Any CPU = Release|Any CPU
	EndGlobalSection
	GlobalSection(ProjectConfigurationPlatforms) = postSolution
		{3D012812-1807-4331-944A-7E389EE7CBD6}.Debug|Any CPU.ActiveCfg = Debug|Any CPU
		{3D012812-1807-4331-944A-7E389EE7CBD6}.Debug|Any CPU.Build.0 = Debug|Any CPU
		{3D012812-1807-4331-944A-7E389EE7CBD6}.Release|Any CPU.ActiveCfg = Release|Any CPU
		{3D012812-1807-4331-944A-7E389EE7CBD6}.Release|Any CPU.Build.0 = Release|Any CPU
	EndGlobalSection
	GlobalSection(SolutionProperties) = preSolution
		HideSolutionNode = FALSE
	EndGlobalSection
	GlobalSection(ExtensibilityGlobals) = postSolution
		SolutionGuid = {4266C2AC-F396-45A3-A033-9C3BE93CBBAC}
	EndGlobalSection
EndGlobal
